// !$*UTF8*$!
{
	archiveVersion = 1;
	classes = {
	};
	objectVersion = 55;
	objects = {

/* Begin PBXBuildFile section */
		470582AC2838FAE9004F08A7 /* GitaYaungSoneApp.swift in Sources */ = {isa = PBXBuildFile; fileRef = 470582AB2838FAE9004F08A7 /* GitaYaungSoneApp.swift */; };
		470582B02838FAEB004F08A7 /* Assets.xcassets in Resources */ = {isa = PBXBuildFile; fileRef = 470582AF2838FAEB004F08A7 /* Assets.xcassets */; };
		470582B32838FAEB004F08A7 /* Preview Assets.xcassets in Resources */ = {isa = PBXBuildFile; fileRef = 470582B22838FAEB004F08A7 /* Preview Assets.xcassets */; };
		470582BF2838FB78004F08A7 /* GoogleService-Info.plist in Resources */ = {isa = PBXBuildFile; fileRef = 470582BE2838FB78004F08A7 /* GoogleService-Info.plist */; };
		470582F928392D97004F08A7 /* MasterpieceSpringRev.ttf in Resources */ = {isa = PBXBuildFile; fileRef = 470582EF28392D97004F08A7 /* MasterpieceSpringRev.ttf */; };
		470582FA28392D97004F08A7 /* NotoSansMono_ExtraCondensed-Regular.ttf in Resources */ = {isa = PBXBuildFile; fileRef = 470582F028392D97004F08A7 /* NotoSansMono_ExtraCondensed-Regular.ttf */; };
		470582FB28392D97004F08A7 /* NotoSansMono_ExtraCondensed-SemiBold.ttf in Resources */ = {isa = PBXBuildFile; fileRef = 470582F128392D97004F08A7 /* NotoSansMono_ExtraCondensed-SemiBold.ttf */; };
		470582FC28392D97004F08A7 /* MyanmarSansPro.ttf in Resources */ = {isa = PBXBuildFile; fileRef = 470582F228392D97004F08A7 /* MyanmarSansPro.ttf */; };
		470582FD28392D97004F08A7 /* NotoSansMono_ExtraCondensed-Black.ttf in Resources */ = {isa = PBXBuildFile; fileRef = 470582F328392D97004F08A7 /* NotoSansMono_ExtraCondensed-Black.ttf */; };
		470582FE28392D97004F08A7 /* MyanmarSquare.ttf in Resources */ = {isa = PBXBuildFile; fileRef = 470582F428392D97004F08A7 /* MyanmarSquare.ttf */; };
		470582FF28392D97004F08A7 /* NotoSansMono_ExtraCondensed-Bold.ttf in Resources */ = {isa = PBXBuildFile; fileRef = 470582F528392D97004F08A7 /* NotoSansMono_ExtraCondensed-Bold.ttf */; };
		4705830028392D97004F08A7 /* MyanmarAngoun.ttf in Resources */ = {isa = PBXBuildFile; fileRef = 470582F628392D97004F08A7 /* MyanmarAngoun.ttf */; };
		4705830128392D97004F08A7 /* NotoSansMono_ExtraCondensed-ExtraBold.ttf in Resources */ = {isa = PBXBuildFile; fileRef = 470582F728392D97004F08A7 /* NotoSansMono_ExtraCondensed-ExtraBold.ttf */; };
		4705830228392D97004F08A7 /* NotoSansMono_ExtraCondensed-Medium.ttf in Resources */ = {isa = PBXBuildFile; fileRef = 470582F828392D97004F08A7 /* NotoSansMono_ExtraCondensed-Medium.ttf */; };
		4705830828392DA6004F08A7 /* Myanmar_Song_Book.xcdatamodeld in Sources */ = {isa = PBXBuildFile; fileRef = 4705830428392DA6004F08A7 /* Myanmar_Song_Book.xcdatamodeld */; };
		4705830928392DA6004F08A7 /* Persistence.swift in Sources */ = {isa = PBXBuildFile; fileRef = 4705830628392DA6004F08A7 /* Persistence.swift */; };
		4705830A28392DA6004F08A7 /* +YSong.swift in Sources */ = {isa = PBXBuildFile; fileRef = 4705830728392DA6004F08A7 /* +YSong.swift */; };
		4705831128392DAE004F08A7 /* XTag.swift in Sources */ = {isa = PBXBuildFile; fileRef = 4705830C28392DAE004F08A7 /* XTag.swift */; };
		4705831228392DAE004F08A7 /* Song.swift in Sources */ = {isa = PBXBuildFile; fileRef = 4705830D28392DAE004F08A7 /* Song.swift */; };
		4705831328392DAE004F08A7 /* Genre.swift in Sources */ = {isa = PBXBuildFile; fileRef = 4705830E28392DAE004F08A7 /* Genre.swift */; };
		4705831528392DAE004F08A7 /* Chord.swift in Sources */ = {isa = PBXBuildFile; fileRef = 4705831028392DAE004F08A7 /* Chord.swift */; };
		4705834628392DB3004F08A7 /* +ParagraphStyle.swift in Sources */ = {isa = PBXBuildFile; fileRef = 4705831828392DB2004F08A7 /* +ParagraphStyle.swift */; };
		4705834928392DB3004F08A7 /* +String.swift in Sources */ = {isa = PBXBuildFile; fileRef = 4705831B28392DB2004F08A7 /* +String.swift */; };
		4705834D28392DB3004F08A7 /* Pdf.swift in Sources */ = {isa = PBXBuildFile; fileRef = 4705832028392DB2004F08A7 /* Pdf.swift */; };
		4705834E28392DB3004F08A7 /* RegularExpression.swift in Sources */ = {isa = PBXBuildFile; fileRef = 4705832128392DB2004F08A7 /* RegularExpression.swift */; };
		4705835428392DB3004F08A7 /* XSectionView.swift in Sources */ = {isa = PBXBuildFile; fileRef = 4705832928392DB2004F08A7 /* XSectionView.swift */; };
		4705835528392DB3004F08A7 /* XScrollView.swift in Sources */ = {isa = PBXBuildFile; fileRef = 4705832A28392DB2004F08A7 /* XScrollView.swift */; };
		4705835628392DB3004F08A7 /* ActivityItem.swift in Sources */ = {isa = PBXBuildFile; fileRef = 4705832C28392DB2004F08A7 /* ActivityItem.swift */; };
		4705835728392DB3004F08A7 /* ActivityView.swift in Sources */ = {isa = PBXBuildFile; fileRef = 4705832D28392DB2004F08A7 /* ActivityView.swift */; };
		4705835928392DB3004F08A7 /* ComfirmButton.swift in Sources */ = {isa = PBXBuildFile; fileRef = 4705832F28392DB2004F08A7 /* ComfirmButton.swift */; };
		4705835A28392DB3004F08A7 /* PdfView.swift in Sources */ = {isa = PBXBuildFile; fileRef = 4705833028392DB2004F08A7 /* PdfView.swift */; };
		4705835B28392DB3004F08A7 /* AutoWrap.swift in Sources */ = {isa = PBXBuildFile; fileRef = 4705833128392DB2004F08A7 /* AutoWrap.swift */; };
		4705835C28392DB3004F08A7 /* PickerNavigationView.swift in Sources */ = {isa = PBXBuildFile; fileRef = 4705833228392DB2004F08A7 /* PickerNavigationView.swift */; };
		4705835D28392DB3004F08A7 /* FormCell.swift in Sources */ = {isa = PBXBuildFile; fileRef = 4705833328392DB2004F08A7 /* FormCell.swift */; };
		4705836228392DB3004F08A7 /* XApp.swift in Sources */ = {isa = PBXBuildFile; fileRef = 4705833A28392DB2004F08A7 /* XApp.swift */; };
		4705836328392DB3004F08A7 /* UserDefault.swift in Sources */ = {isa = PBXBuildFile; fileRef = 4705833B28392DB2004F08A7 /* UserDefault.swift */; };
		4705836428392DB3004F08A7 /* XFont.swift in Sources */ = {isa = PBXBuildFile; fileRef = 4705833C28392DB2004F08A7 /* XFont.swift */; };
		4705836528392DB3004F08A7 /* XIcon.swift in Sources */ = {isa = PBXBuildFile; fileRef = 4705833D28392DB2004F08A7 /* XIcon.swift */; };
		4705836628392DB3004F08A7 /* XColor.swift in Sources */ = {isa = PBXBuildFile; fileRef = 4705833E28392DB2004F08A7 /* XColor.swift */; };
		4705836728392DB3004F08A7 /* XConstants.swift in Sources */ = {isa = PBXBuildFile; fileRef = 4705833F28392DB2004F08A7 /* XConstants.swift */; };
		4705836828392DB3004F08A7 /* CancelButton.swift in Sources */ = {isa = PBXBuildFile; fileRef = 4705834028392DB2004F08A7 /* CancelButton.swift */; };
		4705836928392DB3004F08A7 /* EmbeddingInNavigationView.swift in Sources */ = {isa = PBXBuildFile; fileRef = 4705834228392DB2004F08A7 /* EmbeddingInNavigationView.swift */; };
		4705836A28392DB3004F08A7 /* TapToShowComfirmationDialog.swift in Sources */ = {isa = PBXBuildFile; fileRef = 4705834328392DB2004F08A7 /* TapToShowComfirmationDialog.swift */; };
		4705836B28392DB3004F08A7 /* TapToPresentStyle.swift in Sources */ = {isa = PBXBuildFile; fileRef = 4705834428392DB2004F08A7 /* TapToPresentStyle.swift */; };
		4705836C28392DB3004F08A7 /* TapToPushStyle.swift in Sources */ = {isa = PBXBuildFile; fileRef = 4705834528392DB2004F08A7 /* TapToPushStyle.swift */; };
		4705837128392DB6004F08A7 /* SongRepo.swift in Sources */ = {isa = PBXBuildFile; fileRef = 4705836F28392DB6004F08A7 /* SongRepo.swift */; };
		4705837528392DC8004F08A7 /* AppSettings.swift in Sources */ = {isa = PBXBuildFile; fileRef = 4705837228392DC8004F08A7 /* AppSettings.swift */; };
		4705837628392DC8004F08A7 /* MainTabView.swift in Sources */ = {isa = PBXBuildFile; fileRef = 4705837328392DC8004F08A7 /* MainTabView.swift */; };
		4705837728392DC8004F08A7 /* AppDelegateAdaptor.swift in Sources */ = {isa = PBXBuildFile; fileRef = 4705837428392DC8004F08A7 /* AppDelegateAdaptor.swift */; };
		4705837F28392E10004F08A7 /* ChordTagger.swift in Sources */ = {isa = PBXBuildFile; fileRef = 4705837928392E10004F08A7 /* ChordTagger.swift */; };
		4705838128392E10004F08A7 /* SongParser.swift in Sources */ = {isa = PBXBuildFile; fileRef = 4705837C28392E10004F08A7 /* SongParser.swift */; };
		470583F128392E49004F08A7 /* AllSongs.swift in Sources */ = {isa = PBXBuildFile; fileRef = 4705838828392E49004F08A7 /* AllSongs.swift */; };
		470583F228392E49004F08A7 /* SavedSongsView.swift in Sources */ = {isa = PBXBuildFile; fileRef = 4705838928392E49004F08A7 /* SavedSongsView.swift */; };
		470583F628392E49004F08A7 /* SongListCell.swift in Sources */ = {isa = PBXBuildFile; fileRef = 4705838E28392E49004F08A7 /* SongListCell.swift */; };
		4705840E28392E49004F08A7 /* SettingsView.swift in Sources */ = {isa = PBXBuildFile; fileRef = 470583B328392E49004F08A7 /* SettingsView.swift */; };
		4705840F28392E49004F08A7 /* RemoteSearchableView.swift in Sources */ = {isa = PBXBuildFile; fileRef = 470583B628392E49004F08A7 /* RemoteSearchableView.swift */; };
		4705841028392E49004F08A7 /* SearchResultCell.swift in Sources */ = {isa = PBXBuildFile; fileRef = 470583B728392E49004F08A7 /* SearchResultCell.swift */; };
		4705841128392E49004F08A7 /* RemoteSearchContentView.swift in Sources */ = {isa = PBXBuildFile; fileRef = 470583B828392E49004F08A7 /* RemoteSearchContentView.swift */; };
		4705841328392E49004F08A7 /* RemoteSearchViewModel.swift in Sources */ = {isa = PBXBuildFile; fileRef = 470583BA28392E49004F08A7 /* RemoteSearchViewModel.swift */; };
		4705841428392E49004F08A7 /* HomeSession.swift in Sources */ = {isa = PBXBuildFile; fileRef = 470583BB28392E49004F08A7 /* HomeSession.swift */; };
		4705841528392E49004F08A7 /* GenreTagsView.swift in Sources */ = {isa = PBXBuildFile; fileRef = 470583BD28392E49004F08A7 /* GenreTagsView.swift */; };
		4705841628392E49004F08A7 /* HomeSessionNavItemsView.swift in Sources */ = {isa = PBXBuildFile; fileRef = 470583BE28392E49004F08A7 /* HomeSessionNavItemsView.swift */; };
		4705841828392E49004F08A7 /* SingerTagsView.swift in Sources */ = {isa = PBXBuildFile; fileRef = 470583C028392E49004F08A7 /* SingerTagsView.swift */; };
		4705841A28392E49004F08A7 /* PopularSongsView.swift in Sources */ = {isa = PBXBuildFile; fileRef = 470583C228392E49004F08A7 /* PopularSongsView.swift */; };
		4705841B28392E49004F08A7 /* AuthenticationChecker.swift in Sources */ = {isa = PBXBuildFile; fileRef = 470583C528392E49004F08A7 /* AuthenticationChecker.swift */; };
		4705841C28392E49004F08A7 /* Authenticator.swift in Sources */ = {isa = PBXBuildFile; fileRef = 470583C628392E49004F08A7 /* Authenticator.swift */; };
		4705841D28392E49004F08A7 /* SignInView.swift in Sources */ = {isa = PBXBuildFile; fileRef = 470583C728392E49004F08A7 /* SignInView.swift */; };
		4705841E28392E49004F08A7 /* ExplorerCell.swift in Sources */ = {isa = PBXBuildFile; fileRef = 470583C928392E49004F08A7 /* ExplorerCell.swift */; };
		4705841F28392E49004F08A7 /* ExplorerViewModel.swift in Sources */ = {isa = PBXBuildFile; fileRef = 470583CA28392E49004F08A7 /* ExplorerViewModel.swift */; };
		4705842028392E49004F08A7 /* ExplorerView.swift in Sources */ = {isa = PBXBuildFile; fileRef = 470583CB28392E49004F08A7 /* ExplorerView.swift */; };
		4705842F28392E49004F08A7 /* LibraryChord.swift in Sources */ = {isa = PBXBuildFile; fileRef = 470583E028392E49004F08A7 /* LibraryChord.swift */; };
		4705843028392E49004F08A7 /* guitar.json in Resources */ = {isa = PBXBuildFile; fileRef = 470583E228392E49004F08A7 /* guitar.json */; };
		4705843128392E49004F08A7 /* ukulele.json in Resources */ = {isa = PBXBuildFile; fileRef = 470583E328392E49004F08A7 /* ukulele.json */; };
		4705843228392E49004F08A7 /* Instrument.swift in Sources */ = {isa = PBXBuildFile; fileRef = 470583E428392E49004F08A7 /* Instrument.swift */; };
		4705843328392E49004F08A7 /* ChordsLibrarySession.swift in Sources */ = {isa = PBXBuildFile; fileRef = 470583E528392E49004F08A7 /* ChordsLibrarySession.swift */; };
		4705843428392E49004F08A7 /* FretboardView.swift in Sources */ = {isa = PBXBuildFile; fileRef = 470583E628392E49004F08A7 /* FretboardView.swift */; };
		4705843728392E49004F08A7 /* ViewerView.swift in Sources */ = {isa = PBXBuildFile; fileRef = 470583ED28392E49004F08A7 /* ViewerView.swift */; };
		4705843928392E49004F08A7 /* ViewerViewModel.swift in Sources */ = {isa = PBXBuildFile; fileRef = 470583EF28392E49004F08A7 /* ViewerViewModel.swift */; };
		4705843A28392E49004F08A7 /* SongLineView.swift in Sources */ = {isa = PBXBuildFile; fileRef = 470583F028392E49004F08A7 /* SongLineView.swift */; };
		470B8B6D28A7FD32004F3132 /* AdminArtistView.swift in Sources */ = {isa = PBXBuildFile; fileRef = 470B8B6C28A7FD32004F3132 /* AdminArtistView.swift */; };
		470B8B6F28A7FDB1004F3132 /* AdminPannelView.swift in Sources */ = {isa = PBXBuildFile; fileRef = 470B8B6E28A7FDB1004F3132 /* AdminPannelView.swift */; };
		470B8B7228A7FF26004F3132 /* AdminArtistEditView.swift in Sources */ = {isa = PBXBuildFile; fileRef = 470B8B7128A7FF26004F3132 /* AdminArtistEditView.swift */; };
		47174ED4289F58DE008673FA /* ArtistView.swift in Sources */ = {isa = PBXBuildFile; fileRef = 47174ED3289F58DE008673FA /* ArtistView.swift */; };
		47174ED6289F5D9F008673FA /* AlbumView.swift in Sources */ = {isa = PBXBuildFile; fileRef = 47174ED5289F5D9E008673FA /* AlbumView.swift */; };
		47174ED8289F5E28008673FA /* ArtistViewModel.swift in Sources */ = {isa = PBXBuildFile; fileRef = 47174ED7289F5E28008673FA /* ArtistViewModel.swift */; };
		47174EDA289F73A3008673FA /* AlbumViewModel.swift in Sources */ = {isa = PBXBuildFile; fileRef = 47174ED9289F73A3008673FA /* AlbumViewModel.swift */; };
		47174EDC289F7856008673FA /* ArtistCell.swift in Sources */ = {isa = PBXBuildFile; fileRef = 47174EDB289F7856008673FA /* ArtistCell.swift */; };
		47174EDE289F78DA008673FA /* AlbumCell.swift in Sources */ = {isa = PBXBuildFile; fileRef = 47174EDD289F78DA008673FA /* AlbumCell.swift */; };
		47174EE0289F8C83008673FA /* +YArtist.swift in Sources */ = {isa = PBXBuildFile; fileRef = 47174EDF289F8C83008673FA /* +YArtist.swift */; };
		472C55D9283D5C2C0019DFE1 /* ChordDiagramView.swift in Sources */ = {isa = PBXBuildFile; fileRef = 472C55D8283D5C2C0019DFE1 /* ChordDiagramView.swift */; };
		472E153D288A736E00ADFB9B /* PopularAlbumsView.swift in Sources */ = {isa = PBXBuildFile; fileRef = 472E153C288A736E00ADFB9B /* PopularAlbumsView.swift */; };
		472E153F288A81FD00ADFB9B /* HasSavedButton.swift in Sources */ = {isa = PBXBuildFile; fileRef = 472E153E288A81FD00ADFB9B /* HasSavedButton.swift */; };
		4734904C283FF16E00DFF83D /* SettingsUserProfile.swift in Sources */ = {isa = PBXBuildFile; fileRef = 4734904B283FF16E00DFF83D /* SettingsUserProfile.swift */; };
		47823A36283A6E640080EFAC /* Artist.swift in Sources */ = {isa = PBXBuildFile; fileRef = 47823A35283A6E640080EFAC /* Artist.swift */; };
		47823A38283A72FB0080EFAC /* Developer.swift in Sources */ = {isa = PBXBuildFile; fileRef = 47823A37283A72FB0080EFAC /* Developer.swift */; };
		47823A3A283A91A00080EFAC /* Launch Screen.storyboard in Resources */ = {isa = PBXBuildFile; fileRef = 47823A39283A91A00080EFAC /* Launch Screen.storyboard */; };
		47823A3C283A9BEB0080EFAC /* ThemeStyle.swift in Sources */ = {isa = PBXBuildFile; fileRef = 47823A3B283A9BEB0080EFAC /* ThemeStyle.swift */; };
		47823A89283AC88A0080EFAC /* SongInfoView.swift in Sources */ = {isa = PBXBuildFile; fileRef = 47823A88283AC88A0080EFAC /* SongInfoView.swift */; };
		4794AE3F283B5332005020C1 /* Repo.swift in Sources */ = {isa = PBXBuildFile; fileRef = 4794AE3E283B5332005020C1 /* Repo.swift */; };
		4794AE43283B6EDE005020C1 /* ArtistRepo.swift in Sources */ = {isa = PBXBuildFile; fileRef = 4794AE42283B6EDE005020C1 /* ArtistRepo.swift */; };
		4794AE45283B7A23005020C1 /* Album.swift in Sources */ = {isa = PBXBuildFile; fileRef = 4794AE44283B7A23005020C1 /* Album.swift */; };
		4794AE47283B7A7E005020C1 /* AlbumRepo.swift in Sources */ = {isa = PBXBuildFile; fileRef = 4794AE46283B7A7E005020C1 /* AlbumRepo.swift */; };
		4794AE49283B8049005020C1 /* XSectionbTitleView.swift in Sources */ = {isa = PBXBuildFile; fileRef = 4794AE48283B8049005020C1 /* XSectionbTitleView.swift */; };
		47AE9E1328A06B9E004F57C6 /* CachedAsyncImage.swift in Sources */ = {isa = PBXBuildFile; fileRef = 47AE9E1228A06B9E004F57C6 /* CachedAsyncImage.swift */; };
		47E6EB70283D32C800E0EB68 /* AppLogoView.swift in Sources */ = {isa = PBXBuildFile; fileRef = 47E6EB6F283D32C800E0EB68 /* AppLogoView.swift */; };
		761B65A3A7A2B8EF226D5942 /* Pods_GitaYaungSone.framework in Frameworks */ = {isa = PBXBuildFile; fileRef = 3B0CA3B69AFA1CD238B87474 /* Pods_GitaYaungSone.framework */; };
/* End PBXBuildFile section */

/* Begin PBXFileReference section */
		3B0CA3B69AFA1CD238B87474 /* Pods_GitaYaungSone.framework */ = {isa = PBXFileReference; explicitFileType = wrapper.framework; includeInIndex = 0; path = Pods_GitaYaungSone.framework; sourceTree = BUILT_PRODUCTS_DIR; };
		470582A82838FAE9004F08A7 /* GitaYaungSone.app */ = {isa = PBXFileReference; explicitFileType = wrapper.application; includeInIndex = 0; path = GitaYaungSone.app; sourceTree = BUILT_PRODUCTS_DIR; };
		470582AB2838FAE9004F08A7 /* GitaYaungSoneApp.swift */ = {isa = PBXFileReference; lastKnownFileType = sourcecode.swift; path = GitaYaungSoneApp.swift; sourceTree = "<group>"; };
		470582AF2838FAEB004F08A7 /* Assets.xcassets */ = {isa = PBXFileReference; lastKnownFileType = folder.assetcatalog; path = Assets.xcassets; sourceTree = "<group>"; };
		470582B22838FAEB004F08A7 /* Preview Assets.xcassets */ = {isa = PBXFileReference; lastKnownFileType = folder.assetcatalog; path = "Preview Assets.xcassets"; sourceTree = "<group>"; };
		470582BE2838FB78004F08A7 /* GoogleService-Info.plist */ = {isa = PBXFileReference; fileEncoding = 4; lastKnownFileType = text.plist.xml; path = "GoogleService-Info.plist"; sourceTree = "<group>"; };
		470582EF28392D97004F08A7 /* MasterpieceSpringRev.ttf */ = {isa = PBXFileReference; lastKnownFileType = file; path = MasterpieceSpringRev.ttf; sourceTree = "<group>"; };
		470582F028392D97004F08A7 /* NotoSansMono_ExtraCondensed-Regular.ttf */ = {isa = PBXFileReference; lastKnownFileType = file; path = "NotoSansMono_ExtraCondensed-Regular.ttf"; sourceTree = "<group>"; };
		470582F128392D97004F08A7 /* NotoSansMono_ExtraCondensed-SemiBold.ttf */ = {isa = PBXFileReference; lastKnownFileType = file; path = "NotoSansMono_ExtraCondensed-SemiBold.ttf"; sourceTree = "<group>"; };
		470582F228392D97004F08A7 /* MyanmarSansPro.ttf */ = {isa = PBXFileReference; lastKnownFileType = file; path = MyanmarSansPro.ttf; sourceTree = "<group>"; };
		470582F328392D97004F08A7 /* NotoSansMono_ExtraCondensed-Black.ttf */ = {isa = PBXFileReference; lastKnownFileType = file; path = "NotoSansMono_ExtraCondensed-Black.ttf"; sourceTree = "<group>"; };
		470582F428392D97004F08A7 /* MyanmarSquare.ttf */ = {isa = PBXFileReference; lastKnownFileType = file; path = MyanmarSquare.ttf; sourceTree = "<group>"; };
		470582F528392D97004F08A7 /* NotoSansMono_ExtraCondensed-Bold.ttf */ = {isa = PBXFileReference; lastKnownFileType = file; path = "NotoSansMono_ExtraCondensed-Bold.ttf"; sourceTree = "<group>"; };
		470582F628392D97004F08A7 /* MyanmarAngoun.ttf */ = {isa = PBXFileReference; lastKnownFileType = file; path = MyanmarAngoun.ttf; sourceTree = "<group>"; };
		470582F728392D97004F08A7 /* NotoSansMono_ExtraCondensed-ExtraBold.ttf */ = {isa = PBXFileReference; lastKnownFileType = file; path = "NotoSansMono_ExtraCondensed-ExtraBold.ttf"; sourceTree = "<group>"; };
		470582F828392D97004F08A7 /* NotoSansMono_ExtraCondensed-Medium.ttf */ = {isa = PBXFileReference; lastKnownFileType = file; path = "NotoSansMono_ExtraCondensed-Medium.ttf"; sourceTree = "<group>"; };
		4705830528392DA6004F08A7 /* Myanmar_Song_Book.xcdatamodel */ = {isa = PBXFileReference; lastKnownFileType = wrapper.xcdatamodel; path = Myanmar_Song_Book.xcdatamodel; sourceTree = "<group>"; };
		4705830628392DA6004F08A7 /* Persistence.swift */ = {isa = PBXFileReference; fileEncoding = 4; lastKnownFileType = sourcecode.swift; path = Persistence.swift; sourceTree = "<group>"; };
		4705830728392DA6004F08A7 /* +YSong.swift */ = {isa = PBXFileReference; fileEncoding = 4; lastKnownFileType = sourcecode.swift; path = "+YSong.swift"; sourceTree = "<group>"; };
		4705830C28392DAE004F08A7 /* XTag.swift */ = {isa = PBXFileReference; fileEncoding = 4; lastKnownFileType = sourcecode.swift; path = XTag.swift; sourceTree = "<group>"; };
		4705830D28392DAE004F08A7 /* Song.swift */ = {isa = PBXFileReference; fileEncoding = 4; lastKnownFileType = sourcecode.swift; path = Song.swift; sourceTree = "<group>"; };
		4705830E28392DAE004F08A7 /* Genre.swift */ = {isa = PBXFileReference; fileEncoding = 4; lastKnownFileType = sourcecode.swift; path = Genre.swift; sourceTree = "<group>"; };
		4705831028392DAE004F08A7 /* Chord.swift */ = {isa = PBXFileReference; fileEncoding = 4; lastKnownFileType = sourcecode.swift; path = Chord.swift; sourceTree = "<group>"; };
		4705831828392DB2004F08A7 /* +ParagraphStyle.swift */ = {isa = PBXFileReference; fileEncoding = 4; lastKnownFileType = sourcecode.swift; path = "+ParagraphStyle.swift"; sourceTree = "<group>"; };
		4705831B28392DB2004F08A7 /* +String.swift */ = {isa = PBXFileReference; fileEncoding = 4; lastKnownFileType = sourcecode.swift; path = "+String.swift"; sourceTree = "<group>"; };
		4705832028392DB2004F08A7 /* Pdf.swift */ = {isa = PBXFileReference; fileEncoding = 4; lastKnownFileType = sourcecode.swift; path = Pdf.swift; sourceTree = "<group>"; };
		4705832128392DB2004F08A7 /* RegularExpression.swift */ = {isa = PBXFileReference; fileEncoding = 4; lastKnownFileType = sourcecode.swift; path = RegularExpression.swift; sourceTree = "<group>"; };
		4705832928392DB2004F08A7 /* XSectionView.swift */ = {isa = PBXFileReference; fileEncoding = 4; lastKnownFileType = sourcecode.swift; path = XSectionView.swift; sourceTree = "<group>"; };
		4705832A28392DB2004F08A7 /* XScrollView.swift */ = {isa = PBXFileReference; fileEncoding = 4; lastKnownFileType = sourcecode.swift; path = XScrollView.swift; sourceTree = "<group>"; };
		4705832C28392DB2004F08A7 /* ActivityItem.swift */ = {isa = PBXFileReference; fileEncoding = 4; lastKnownFileType = sourcecode.swift; path = ActivityItem.swift; sourceTree = "<group>"; };
		4705832D28392DB2004F08A7 /* ActivityView.swift */ = {isa = PBXFileReference; fileEncoding = 4; lastKnownFileType = sourcecode.swift; path = ActivityView.swift; sourceTree = "<group>"; };
		4705832F28392DB2004F08A7 /* ComfirmButton.swift */ = {isa = PBXFileReference; fileEncoding = 4; lastKnownFileType = sourcecode.swift; path = ComfirmButton.swift; sourceTree = "<group>"; };
		4705833028392DB2004F08A7 /* PdfView.swift */ = {isa = PBXFileReference; fileEncoding = 4; lastKnownFileType = sourcecode.swift; path = PdfView.swift; sourceTree = "<group>"; };
		4705833128392DB2004F08A7 /* AutoWrap.swift */ = {isa = PBXFileReference; fileEncoding = 4; lastKnownFileType = sourcecode.swift; path = AutoWrap.swift; sourceTree = "<group>"; };
		4705833228392DB2004F08A7 /* PickerNavigationView.swift */ = {isa = PBXFileReference; fileEncoding = 4; lastKnownFileType = sourcecode.swift; path = PickerNavigationView.swift; sourceTree = "<group>"; };
		4705833328392DB2004F08A7 /* FormCell.swift */ = {isa = PBXFileReference; fileEncoding = 4; lastKnownFileType = sourcecode.swift; path = FormCell.swift; sourceTree = "<group>"; };
		4705833A28392DB2004F08A7 /* XApp.swift */ = {isa = PBXFileReference; fileEncoding = 4; lastKnownFileType = sourcecode.swift; path = XApp.swift; sourceTree = "<group>"; };
		4705833B28392DB2004F08A7 /* UserDefault.swift */ = {isa = PBXFileReference; fileEncoding = 4; lastKnownFileType = sourcecode.swift; path = UserDefault.swift; sourceTree = "<group>"; };
		4705833C28392DB2004F08A7 /* XFont.swift */ = {isa = PBXFileReference; fileEncoding = 4; lastKnownFileType = sourcecode.swift; path = XFont.swift; sourceTree = "<group>"; };
		4705833D28392DB2004F08A7 /* XIcon.swift */ = {isa = PBXFileReference; fileEncoding = 4; lastKnownFileType = sourcecode.swift; path = XIcon.swift; sourceTree = "<group>"; };
		4705833E28392DB2004F08A7 /* XColor.swift */ = {isa = PBXFileReference; fileEncoding = 4; lastKnownFileType = sourcecode.swift; path = XColor.swift; sourceTree = "<group>"; };
		4705833F28392DB2004F08A7 /* XConstants.swift */ = {isa = PBXFileReference; fileEncoding = 4; lastKnownFileType = sourcecode.swift; path = XConstants.swift; sourceTree = "<group>"; };
		4705834028392DB2004F08A7 /* CancelButton.swift */ = {isa = PBXFileReference; fileEncoding = 4; lastKnownFileType = sourcecode.swift; path = CancelButton.swift; sourceTree = "<group>"; };
		4705834228392DB2004F08A7 /* EmbeddingInNavigationView.swift */ = {isa = PBXFileReference; fileEncoding = 4; lastKnownFileType = sourcecode.swift; path = EmbeddingInNavigationView.swift; sourceTree = "<group>"; };
		4705834328392DB2004F08A7 /* TapToShowComfirmationDialog.swift */ = {isa = PBXFileReference; fileEncoding = 4; lastKnownFileType = sourcecode.swift; path = TapToShowComfirmationDialog.swift; sourceTree = "<group>"; };
		4705834428392DB2004F08A7 /* TapToPresentStyle.swift */ = {isa = PBXFileReference; fileEncoding = 4; lastKnownFileType = sourcecode.swift; path = TapToPresentStyle.swift; sourceTree = "<group>"; };
		4705834528392DB2004F08A7 /* TapToPushStyle.swift */ = {isa = PBXFileReference; fileEncoding = 4; lastKnownFileType = sourcecode.swift; path = TapToPushStyle.swift; sourceTree = "<group>"; };
		4705836F28392DB6004F08A7 /* SongRepo.swift */ = {isa = PBXFileReference; fileEncoding = 4; lastKnownFileType = sourcecode.swift; path = SongRepo.swift; sourceTree = "<group>"; };
		4705837228392DC8004F08A7 /* AppSettings.swift */ = {isa = PBXFileReference; fileEncoding = 4; lastKnownFileType = sourcecode.swift; path = AppSettings.swift; sourceTree = "<group>"; };
		4705837328392DC8004F08A7 /* MainTabView.swift */ = {isa = PBXFileReference; fileEncoding = 4; lastKnownFileType = sourcecode.swift; path = MainTabView.swift; sourceTree = "<group>"; };
		4705837428392DC8004F08A7 /* AppDelegateAdaptor.swift */ = {isa = PBXFileReference; fileEncoding = 4; lastKnownFileType = sourcecode.swift; path = AppDelegateAdaptor.swift; sourceTree = "<group>"; };
		4705837928392E10004F08A7 /* ChordTagger.swift */ = {isa = PBXFileReference; fileEncoding = 4; lastKnownFileType = sourcecode.swift; path = ChordTagger.swift; sourceTree = "<group>"; };
		4705837C28392E10004F08A7 /* SongParser.swift */ = {isa = PBXFileReference; fileEncoding = 4; lastKnownFileType = sourcecode.swift; path = SongParser.swift; sourceTree = "<group>"; };
		4705838828392E49004F08A7 /* AllSongs.swift */ = {isa = PBXFileReference; fileEncoding = 4; lastKnownFileType = sourcecode.swift; path = AllSongs.swift; sourceTree = "<group>"; };
		4705838928392E49004F08A7 /* SavedSongsView.swift */ = {isa = PBXFileReference; fileEncoding = 4; lastKnownFileType = sourcecode.swift; path = SavedSongsView.swift; sourceTree = "<group>"; };
		4705838E28392E49004F08A7 /* SongListCell.swift */ = {isa = PBXFileReference; fileEncoding = 4; lastKnownFileType = sourcecode.swift; path = SongListCell.swift; sourceTree = "<group>"; };
		470583B328392E49004F08A7 /* SettingsView.swift */ = {isa = PBXFileReference; fileEncoding = 4; lastKnownFileType = sourcecode.swift; path = SettingsView.swift; sourceTree = "<group>"; };
		470583B628392E49004F08A7 /* RemoteSearchableView.swift */ = {isa = PBXFileReference; fileEncoding = 4; lastKnownFileType = sourcecode.swift; path = RemoteSearchableView.swift; sourceTree = "<group>"; };
		470583B728392E49004F08A7 /* SearchResultCell.swift */ = {isa = PBXFileReference; fileEncoding = 4; lastKnownFileType = sourcecode.swift; path = SearchResultCell.swift; sourceTree = "<group>"; };
		470583B828392E49004F08A7 /* RemoteSearchContentView.swift */ = {isa = PBXFileReference; fileEncoding = 4; lastKnownFileType = sourcecode.swift; path = RemoteSearchContentView.swift; sourceTree = "<group>"; };
		470583BA28392E49004F08A7 /* RemoteSearchViewModel.swift */ = {isa = PBXFileReference; fileEncoding = 4; lastKnownFileType = sourcecode.swift; path = RemoteSearchViewModel.swift; sourceTree = "<group>"; };
		470583BB28392E49004F08A7 /* HomeSession.swift */ = {isa = PBXFileReference; fileEncoding = 4; lastKnownFileType = sourcecode.swift; path = HomeSession.swift; sourceTree = "<group>"; };
		470583BD28392E49004F08A7 /* GenreTagsView.swift */ = {isa = PBXFileReference; fileEncoding = 4; lastKnownFileType = sourcecode.swift; path = GenreTagsView.swift; sourceTree = "<group>"; };
		470583BE28392E49004F08A7 /* HomeSessionNavItemsView.swift */ = {isa = PBXFileReference; fileEncoding = 4; lastKnownFileType = sourcecode.swift; path = HomeSessionNavItemsView.swift; sourceTree = "<group>"; };
		470583C028392E49004F08A7 /* SingerTagsView.swift */ = {isa = PBXFileReference; fileEncoding = 4; lastKnownFileType = sourcecode.swift; path = SingerTagsView.swift; sourceTree = "<group>"; };
		470583C228392E49004F08A7 /* PopularSongsView.swift */ = {isa = PBXFileReference; fileEncoding = 4; lastKnownFileType = sourcecode.swift; path = PopularSongsView.swift; sourceTree = "<group>"; };
		470583C528392E49004F08A7 /* AuthenticationChecker.swift */ = {isa = PBXFileReference; fileEncoding = 4; lastKnownFileType = sourcecode.swift; path = AuthenticationChecker.swift; sourceTree = "<group>"; };
		470583C628392E49004F08A7 /* Authenticator.swift */ = {isa = PBXFileReference; fileEncoding = 4; lastKnownFileType = sourcecode.swift; path = Authenticator.swift; sourceTree = "<group>"; };
		470583C728392E49004F08A7 /* SignInView.swift */ = {isa = PBXFileReference; fileEncoding = 4; lastKnownFileType = sourcecode.swift; path = SignInView.swift; sourceTree = "<group>"; };
		470583C928392E49004F08A7 /* ExplorerCell.swift */ = {isa = PBXFileReference; fileEncoding = 4; lastKnownFileType = sourcecode.swift; path = ExplorerCell.swift; sourceTree = "<group>"; };
		470583CA28392E49004F08A7 /* ExplorerViewModel.swift */ = {isa = PBXFileReference; fileEncoding = 4; lastKnownFileType = sourcecode.swift; path = ExplorerViewModel.swift; sourceTree = "<group>"; };
		470583CB28392E49004F08A7 /* ExplorerView.swift */ = {isa = PBXFileReference; fileEncoding = 4; lastKnownFileType = sourcecode.swift; path = ExplorerView.swift; sourceTree = "<group>"; };
		470583E028392E49004F08A7 /* LibraryChord.swift */ = {isa = PBXFileReference; fileEncoding = 4; lastKnownFileType = sourcecode.swift; path = LibraryChord.swift; sourceTree = "<group>"; };
		470583E228392E49004F08A7 /* guitar.json */ = {isa = PBXFileReference; fileEncoding = 4; lastKnownFileType = text.json; path = guitar.json; sourceTree = "<group>"; };
		470583E328392E49004F08A7 /* ukulele.json */ = {isa = PBXFileReference; fileEncoding = 4; lastKnownFileType = text.json; path = ukulele.json; sourceTree = "<group>"; };
		470583E428392E49004F08A7 /* Instrument.swift */ = {isa = PBXFileReference; fileEncoding = 4; lastKnownFileType = sourcecode.swift; path = Instrument.swift; sourceTree = "<group>"; };
		470583E528392E49004F08A7 /* ChordsLibrarySession.swift */ = {isa = PBXFileReference; fileEncoding = 4; lastKnownFileType = sourcecode.swift; path = ChordsLibrarySession.swift; sourceTree = "<group>"; };
		470583E628392E49004F08A7 /* FretboardView.swift */ = {isa = PBXFileReference; fileEncoding = 4; lastKnownFileType = sourcecode.swift; path = FretboardView.swift; sourceTree = "<group>"; };
		470583ED28392E49004F08A7 /* ViewerView.swift */ = {isa = PBXFileReference; fileEncoding = 4; lastKnownFileType = sourcecode.swift; path = ViewerView.swift; sourceTree = "<group>"; };
		470583EF28392E49004F08A7 /* ViewerViewModel.swift */ = {isa = PBXFileReference; fileEncoding = 4; lastKnownFileType = sourcecode.swift; path = ViewerViewModel.swift; sourceTree = "<group>"; };
		470583F028392E49004F08A7 /* SongLineView.swift */ = {isa = PBXFileReference; fileEncoding = 4; lastKnownFileType = sourcecode.swift; path = SongLineView.swift; sourceTree = "<group>"; };
		470B8B6C28A7FD32004F3132 /* AdminArtistView.swift */ = {isa = PBXFileReference; lastKnownFileType = sourcecode.swift; path = AdminArtistView.swift; sourceTree = "<group>"; };
		470B8B6E28A7FDB1004F3132 /* AdminPannelView.swift */ = {isa = PBXFileReference; lastKnownFileType = sourcecode.swift; path = AdminPannelView.swift; sourceTree = "<group>"; };
		470B8B7128A7FF26004F3132 /* AdminArtistEditView.swift */ = {isa = PBXFileReference; lastKnownFileType = sourcecode.swift; path = AdminArtistEditView.swift; sourceTree = "<group>"; };
		47174ED3289F58DE008673FA /* ArtistView.swift */ = {isa = PBXFileReference; lastKnownFileType = sourcecode.swift; path = ArtistView.swift; sourceTree = "<group>"; };
		47174ED5289F5D9E008673FA /* AlbumView.swift */ = {isa = PBXFileReference; lastKnownFileType = sourcecode.swift; path = AlbumView.swift; sourceTree = "<group>"; };
		47174ED7289F5E28008673FA /* ArtistViewModel.swift */ = {isa = PBXFileReference; lastKnownFileType = sourcecode.swift; path = ArtistViewModel.swift; sourceTree = "<group>"; };
		47174ED9289F73A3008673FA /* AlbumViewModel.swift */ = {isa = PBXFileReference; lastKnownFileType = sourcecode.swift; path = AlbumViewModel.swift; sourceTree = "<group>"; };
		47174EDB289F7856008673FA /* ArtistCell.swift */ = {isa = PBXFileReference; lastKnownFileType = sourcecode.swift; path = ArtistCell.swift; sourceTree = "<group>"; };
		47174EDD289F78DA008673FA /* AlbumCell.swift */ = {isa = PBXFileReference; lastKnownFileType = sourcecode.swift; path = AlbumCell.swift; sourceTree = "<group>"; };
		47174EDF289F8C83008673FA /* +YArtist.swift */ = {isa = PBXFileReference; lastKnownFileType = sourcecode.swift; path = "+YArtist.swift"; sourceTree = "<group>"; };
		472C55D8283D5C2C0019DFE1 /* ChordDiagramView.swift */ = {isa = PBXFileReference; lastKnownFileType = sourcecode.swift; path = ChordDiagramView.swift; sourceTree = "<group>"; };
		472E153C288A736E00ADFB9B /* PopularAlbumsView.swift */ = {isa = PBXFileReference; lastKnownFileType = sourcecode.swift; path = PopularAlbumsView.swift; sourceTree = "<group>"; };
		472E153E288A81FD00ADFB9B /* HasSavedButton.swift */ = {isa = PBXFileReference; lastKnownFileType = sourcecode.swift; path = HasSavedButton.swift; sourceTree = "<group>"; };
		4734904B283FF16E00DFF83D /* SettingsUserProfile.swift */ = {isa = PBXFileReference; lastKnownFileType = sourcecode.swift; path = SettingsUserProfile.swift; sourceTree = "<group>"; };
		47823A35283A6E640080EFAC /* Artist.swift */ = {isa = PBXFileReference; lastKnownFileType = sourcecode.swift; path = Artist.swift; sourceTree = "<group>"; };
		47823A37283A72FB0080EFAC /* Developer.swift */ = {isa = PBXFileReference; lastKnownFileType = sourcecode.swift; path = Developer.swift; sourceTree = "<group>"; };
		47823A39283A91A00080EFAC /* Launch Screen.storyboard */ = {isa = PBXFileReference; lastKnownFileType = file.storyboard; path = "Launch Screen.storyboard"; sourceTree = "<group>"; };
		47823A3B283A9BEB0080EFAC /* ThemeStyle.swift */ = {isa = PBXFileReference; lastKnownFileType = sourcecode.swift; path = ThemeStyle.swift; sourceTree = "<group>"; };
		47823A88283AC88A0080EFAC /* SongInfoView.swift */ = {isa = PBXFileReference; lastKnownFileType = sourcecode.swift; path = SongInfoView.swift; sourceTree = "<group>"; };
		4794AE3E283B5332005020C1 /* Repo.swift */ = {isa = PBXFileReference; lastKnownFileType = sourcecode.swift; path = Repo.swift; sourceTree = "<group>"; };
		4794AE42283B6EDE005020C1 /* ArtistRepo.swift */ = {isa = PBXFileReference; lastKnownFileType = sourcecode.swift; path = ArtistRepo.swift; sourceTree = "<group>"; };
		4794AE44283B7A23005020C1 /* Album.swift */ = {isa = PBXFileReference; lastKnownFileType = sourcecode.swift; path = Album.swift; sourceTree = "<group>"; };
		4794AE46283B7A7E005020C1 /* AlbumRepo.swift */ = {isa = PBXFileReference; lastKnownFileType = sourcecode.swift; path = AlbumRepo.swift; sourceTree = "<group>"; };
		4794AE48283B8049005020C1 /* XSectionbTitleView.swift */ = {isa = PBXFileReference; lastKnownFileType = sourcecode.swift; path = XSectionbTitleView.swift; sourceTree = "<group>"; };
		47AE9E1228A06B9E004F57C6 /* CachedAsyncImage.swift */ = {isa = PBXFileReference; fileEncoding = 4; lastKnownFileType = sourcecode.swift; path = CachedAsyncImage.swift; sourceTree = "<group>"; };
		47CF4ED5288920C700812E05 /* Info.plist */ = {isa = PBXFileReference; lastKnownFileType = text.plist; path = Info.plist; sourceTree = "<group>"; };
		47E6EB6F283D32C800E0EB68 /* AppLogoView.swift */ = {isa = PBXFileReference; lastKnownFileType = sourcecode.swift; path = AppLogoView.swift; sourceTree = "<group>"; };
		C613E4404AE771197A6511E7 /* Pods-GitaYaungSone.debug.xcconfig */ = {isa = PBXFileReference; includeInIndex = 1; lastKnownFileType = text.xcconfig; name = "Pods-GitaYaungSone.debug.xcconfig"; path = "Target Support Files/Pods-GitaYaungSone/Pods-GitaYaungSone.debug.xcconfig"; sourceTree = "<group>"; };
		FDBBB9A7FB2D516819373228 /* Pods-GitaYaungSone.release.xcconfig */ = {isa = PBXFileReference; includeInIndex = 1; lastKnownFileType = text.xcconfig; name = "Pods-GitaYaungSone.release.xcconfig"; path = "Target Support Files/Pods-GitaYaungSone/Pods-GitaYaungSone.release.xcconfig"; sourceTree = "<group>"; };
/* End PBXFileReference section */

/* Begin PBXFrameworksBuildPhase section */
		470582A52838FAE9004F08A7 /* Frameworks */ = {
			isa = PBXFrameworksBuildPhase;
			buildActionMask = 2147483647;
			files = (
				761B65A3A7A2B8EF226D5942 /* Pods_GitaYaungSone.framework in Frameworks */,
			);
			runOnlyForDeploymentPostprocessing = 0;
		};
/* End PBXFrameworksBuildPhase section */

/* Begin PBXGroup section */
		4705829F2838FAE9004F08A7 = {
			isa = PBXGroup;
			children = (
				470582AA2838FAE9004F08A7 /* GitaYaungSone */,
				470582A92838FAE9004F08A7 /* Products */,
				D67CEF19CEC2BC147BDFBEB7 /* Pods */,
				59E8FF171165A36C91758410 /* Frameworks */,
			);
			sourceTree = "<group>";
		};
		470582A92838FAE9004F08A7 /* Products */ = {
			isa = PBXGroup;
			children = (
				470582A82838FAE9004F08A7 /* GitaYaungSone.app */,
			);
			name = Products;
			sourceTree = "<group>";
		};
		470582AA2838FAE9004F08A7 /* GitaYaungSone */ = {
			isa = PBXGroup;
			children = (
				4705838628392E49004F08A7 /* Sections */,
				4705837828392E10004F08A7 /* Song */,
				4705836D28392DB6004F08A7 /* API */,
				4705831628392DB2004F08A7 /* Utilities */,
				4705830B28392DAE004F08A7 /* Models */,
				4705830328392DA6004F08A7 /* Database */,
				470582D12839147C004F08A7 /* Root */,
				470582D228391485004F08A7 /* Resources */,
				470582BE2838FB78004F08A7 /* GoogleService-Info.plist */,
				47CF4ED5288920C700812E05 /* Info.plist */,
				470582B12838FAEB004F08A7 /* Preview Content */,
			);
			path = GitaYaungSone;
			sourceTree = "<group>";
		};
		470582B12838FAEB004F08A7 /* Preview Content */ = {
			isa = PBXGroup;
			children = (
				470582B22838FAEB004F08A7 /* Preview Assets.xcassets */,
			);
			path = "Preview Content";
			sourceTree = "<group>";
		};
		470582D12839147C004F08A7 /* Root */ = {
			isa = PBXGroup;
			children = (
				470582AB2838FAE9004F08A7 /* GitaYaungSoneApp.swift */,
				4705837428392DC8004F08A7 /* AppDelegateAdaptor.swift */,
				4705837228392DC8004F08A7 /* AppSettings.swift */,
				4705837328392DC8004F08A7 /* MainTabView.swift */,
			);
			path = Root;
			sourceTree = "<group>";
		};
		470582D228391485004F08A7 /* Resources */ = {
			isa = PBXGroup;
			children = (
				470582EE28392D97004F08A7 /* Fonts */,
				470582AF2838FAEB004F08A7 /* Assets.xcassets */,
				47823A39283A91A00080EFAC /* Launch Screen.storyboard */,
			);
			path = Resources;
			sourceTree = "<group>";
		};
		470582EE28392D97004F08A7 /* Fonts */ = {
			isa = PBXGroup;
			children = (
				470582EF28392D97004F08A7 /* MasterpieceSpringRev.ttf */,
				470582F028392D97004F08A7 /* NotoSansMono_ExtraCondensed-Regular.ttf */,
				470582F128392D97004F08A7 /* NotoSansMono_ExtraCondensed-SemiBold.ttf */,
				470582F228392D97004F08A7 /* MyanmarSansPro.ttf */,
				470582F328392D97004F08A7 /* NotoSansMono_ExtraCondensed-Black.ttf */,
				470582F428392D97004F08A7 /* MyanmarSquare.ttf */,
				470582F528392D97004F08A7 /* NotoSansMono_ExtraCondensed-Bold.ttf */,
				470582F628392D97004F08A7 /* MyanmarAngoun.ttf */,
				470582F728392D97004F08A7 /* NotoSansMono_ExtraCondensed-ExtraBold.ttf */,
				470582F828392D97004F08A7 /* NotoSansMono_ExtraCondensed-Medium.ttf */,
			);
			path = Fonts;
			sourceTree = "<group>";
		};
		4705830328392DA6004F08A7 /* Database */ = {
			isa = PBXGroup;
			children = (
				4705830428392DA6004F08A7 /* Myanmar_Song_Book.xcdatamodeld */,
				4705830628392DA6004F08A7 /* Persistence.swift */,
				4705830728392DA6004F08A7 /* +YSong.swift */,
				47174EDF289F8C83008673FA /* +YArtist.swift */,
			);
			path = Database;
			sourceTree = "<group>";
		};
		4705830B28392DAE004F08A7 /* Models */ = {
			isa = PBXGroup;
			children = (
				4705838828392E49004F08A7 /* AllSongs.swift */,
				4705830D28392DAE004F08A7 /* Song.swift */,
				47823A35283A6E640080EFAC /* Artist.swift */,
				4794AE44283B7A23005020C1 /* Album.swift */,
				4705830E28392DAE004F08A7 /* Genre.swift */,
				4705830C28392DAE004F08A7 /* XTag.swift */,
				4705831028392DAE004F08A7 /* Chord.swift */,
			);
			path = Models;
			sourceTree = "<group>";
		};
		4705831628392DB2004F08A7 /* Utilities */ = {
			isa = PBXGroup;
			children = (
				4705833928392DB2004F08A7 /* X */,
				4705831728392DB2004F08A7 /* Extensions */,
				4705831C28392DB2004F08A7 /* Common */,
				4705832828392DB2004F08A7 /* SharedViews */,
				4705834128392DB2004F08A7 /* ViewModifiers */,
				47823A37283A72FB0080EFAC /* Developer.swift */,
			);
			path = Utilities;
			sourceTree = "<group>";
		};
		4705831728392DB2004F08A7 /* Extensions */ = {
			isa = PBXGroup;
			children = (
				4705831828392DB2004F08A7 /* +ParagraphStyle.swift */,
				4705831B28392DB2004F08A7 /* +String.swift */,
			);
			path = Extensions;
			sourceTree = "<group>";
		};
		4705831C28392DB2004F08A7 /* Common */ = {
			isa = PBXGroup;
			children = (
				4705832028392DB2004F08A7 /* Pdf.swift */,
				4705832128392DB2004F08A7 /* RegularExpression.swift */,
			);
			path = Common;
			sourceTree = "<group>";
		};
		4705832828392DB2004F08A7 /* SharedViews */ = {
			isa = PBXGroup;
			children = (
				4705832928392DB2004F08A7 /* XSectionView.swift */,
				4794AE48283B8049005020C1 /* XSectionbTitleView.swift */,
				4705832A28392DB2004F08A7 /* XScrollView.swift */,
				4705832B28392DB2004F08A7 /* ActivityView */,
				4705832F28392DB2004F08A7 /* ComfirmButton.swift */,
				47AE9E1228A06B9E004F57C6 /* CachedAsyncImage.swift */,
				4705833028392DB2004F08A7 /* PdfView.swift */,
				4705833128392DB2004F08A7 /* AutoWrap.swift */,
				4705833228392DB2004F08A7 /* PickerNavigationView.swift */,
				4705833328392DB2004F08A7 /* FormCell.swift */,
				4705834028392DB2004F08A7 /* CancelButton.swift */,
				47E6EB6F283D32C800E0EB68 /* AppLogoView.swift */,
			);
			path = SharedViews;
			sourceTree = "<group>";
		};
		4705832B28392DB2004F08A7 /* ActivityView */ = {
			isa = PBXGroup;
			children = (
				4705832C28392DB2004F08A7 /* ActivityItem.swift */,
				4705832D28392DB2004F08A7 /* ActivityView.swift */,
			);
			path = ActivityView;
			sourceTree = "<group>";
		};
		4705833928392DB2004F08A7 /* X */ = {
			isa = PBXGroup;
			children = (
				4705833A28392DB2004F08A7 /* XApp.swift */,
				4705833B28392DB2004F08A7 /* UserDefault.swift */,
				4705833C28392DB2004F08A7 /* XFont.swift */,
				4705833D28392DB2004F08A7 /* XIcon.swift */,
				4705833E28392DB2004F08A7 /* XColor.swift */,
				4705833F28392DB2004F08A7 /* XConstants.swift */,
			);
			path = X;
			sourceTree = "<group>";
		};
		4705834128392DB2004F08A7 /* ViewModifiers */ = {
			isa = PBXGroup;
			children = (
				4705834228392DB2004F08A7 /* EmbeddingInNavigationView.swift */,
				4705834328392DB2004F08A7 /* TapToShowComfirmationDialog.swift */,
				4705834428392DB2004F08A7 /* TapToPresentStyle.swift */,
				4705834528392DB2004F08A7 /* TapToPushStyle.swift */,
				47823A3B283A9BEB0080EFAC /* ThemeStyle.swift */,
			);
			path = ViewModifiers;
			sourceTree = "<group>";
		};
		4705836D28392DB6004F08A7 /* API */ = {
			isa = PBXGroup;
			children = (
				4794AE3E283B5332005020C1 /* Repo.swift */,
				4705836F28392DB6004F08A7 /* SongRepo.swift */,
				4794AE42283B6EDE005020C1 /* ArtistRepo.swift */,
				4794AE46283B7A7E005020C1 /* AlbumRepo.swift */,
			);
			path = API;
			sourceTree = "<group>";
		};
		4705837828392E10004F08A7 /* Song */ = {
			isa = PBXGroup;
			children = (
				4705837C28392E10004F08A7 /* SongParser.swift */,
				4705837928392E10004F08A7 /* ChordTagger.swift */,
			);
			path = Song;
			sourceTree = "<group>";
		};
		4705838628392E49004F08A7 /* Sections */ = {
			isa = PBXGroup;
			children = (
				470B8B6B28A7FD18004F3132 /* AdminUser */,
				47174ED2289F58C8008673FA /* Album */,
				47174ED1289F58BF008673FA /* Artist */,
				470583B428392E49004F08A7 /* Home */,
				470583C828392E49004F08A7 /* Explorer */,
				470583B528392E49004F08A7 /* Search */,
				470583DF28392E49004F08A7 /* ChordLibrary */,
				4705838728392E49004F08A7 /* Saved */,
				470583B228392E49004F08A7 /* Settings */,
				470583C328392E49004F08A7 /* Authenticate */,
				470583E828392E49004F08A7 /* Viewer */,
			);
			path = Sections;
			sourceTree = "<group>";
		};
		4705838728392E49004F08A7 /* Saved */ = {
			isa = PBXGroup;
			children = (
				4705838928392E49004F08A7 /* SavedSongsView.swift */,
				4705838E28392E49004F08A7 /* SongListCell.swift */,
			);
			path = Saved;
			sourceTree = "<group>";
		};
		470583B228392E49004F08A7 /* Settings */ = {
			isa = PBXGroup;
			children = (
				470583B328392E49004F08A7 /* SettingsView.swift */,
				4734904A283FF14600DFF83D /* Sections */,
			);
			path = Settings;
			sourceTree = "<group>";
		};
		470583B428392E49004F08A7 /* Home */ = {
			isa = PBXGroup;
			children = (
				470583BB28392E49004F08A7 /* HomeSession.swift */,
				470583BC28392E49004F08A7 /* Views */,
			);
			path = Home;
			sourceTree = "<group>";
		};
		470583B528392E49004F08A7 /* Search */ = {
			isa = PBXGroup;
			children = (
				470583B628392E49004F08A7 /* RemoteSearchableView.swift */,
				470583BA28392E49004F08A7 /* RemoteSearchViewModel.swift */,
				470583B728392E49004F08A7 /* SearchResultCell.swift */,
				470583B828392E49004F08A7 /* RemoteSearchContentView.swift */,
			);
			path = Search;
			sourceTree = "<group>";
		};
		470583BC28392E49004F08A7 /* Views */ = {
			isa = PBXGroup;
			children = (
				470583BE28392E49004F08A7 /* HomeSessionNavItemsView.swift */,
				470583BD28392E49004F08A7 /* GenreTagsView.swift */,
				470583C028392E49004F08A7 /* SingerTagsView.swift */,
				470583C228392E49004F08A7 /* PopularSongsView.swift */,
				472E153C288A736E00ADFB9B /* PopularAlbumsView.swift */,
			);
			path = Views;
			sourceTree = "<group>";
		};
		470583C328392E49004F08A7 /* Authenticate */ = {
			isa = PBXGroup;
			children = (
				470583C428392E49004F08A7 /* AuthenticationChecker */,
				470583C628392E49004F08A7 /* Authenticator.swift */,
				470583C728392E49004F08A7 /* SignInView.swift */,
			);
			path = Authenticate;
			sourceTree = "<group>";
		};
		470583C428392E49004F08A7 /* AuthenticationChecker */ = {
			isa = PBXGroup;
			children = (
				470583C528392E49004F08A7 /* AuthenticationChecker.swift */,
			);
			path = AuthenticationChecker;
			sourceTree = "<group>";
		};
		470583C828392E49004F08A7 /* Explorer */ = {
			isa = PBXGroup;
			children = (
				470583CB28392E49004F08A7 /* ExplorerView.swift */,
				470583CA28392E49004F08A7 /* ExplorerViewModel.swift */,
				470583C928392E49004F08A7 /* ExplorerCell.swift */,
			);
			path = Explorer;
			sourceTree = "<group>";
		};
		470583DF28392E49004F08A7 /* ChordLibrary */ = {
			isa = PBXGroup;
			children = (
				470583E528392E49004F08A7 /* ChordsLibrarySession.swift */,
				470583E028392E49004F08A7 /* LibraryChord.swift */,
				470583E128392E49004F08A7 /* Resources */,
				470583E428392E49004F08A7 /* Instrument.swift */,
				470583E628392E49004F08A7 /* FretboardView.swift */,
			);
			path = ChordLibrary;
			sourceTree = "<group>";
		};
		470583E128392E49004F08A7 /* Resources */ = {
			isa = PBXGroup;
			children = (
				470583E228392E49004F08A7 /* guitar.json */,
				470583E328392E49004F08A7 /* ukulele.json */,
			);
			path = Resources;
			sourceTree = "<group>";
		};
		470583E828392E49004F08A7 /* Viewer */ = {
			isa = PBXGroup;
			children = (
				470583ED28392E49004F08A7 /* ViewerView.swift */,
				470583EF28392E49004F08A7 /* ViewerViewModel.swift */,
				47E6EB71283D3D2F00E0EB68 /* Views */,
			);
			path = Viewer;
			sourceTree = "<group>";
		};
		470B8B6B28A7FD18004F3132 /* AdminUser */ = {
			isa = PBXGroup;
			children = (
				470B8B7028A7FF13004F3132 /* Artist */,
				470B8B6E28A7FDB1004F3132 /* AdminPannelView.swift */,
			);
			path = AdminUser;
			sourceTree = "<group>";
		};
		470B8B7028A7FF13004F3132 /* Artist */ = {
			isa = PBXGroup;
			children = (
				470B8B6C28A7FD32004F3132 /* AdminArtistView.swift */,
				470B8B7128A7FF26004F3132 /* AdminArtistEditView.swift */,
			);
			path = Artist;
			sourceTree = "<group>";
		};
		47174ED1289F58BF008673FA /* Artist */ = {
			isa = PBXGroup;
			children = (
				47174ED3289F58DE008673FA /* ArtistView.swift */,
				47174ED7289F5E28008673FA /* ArtistViewModel.swift */,
				47174EDB289F7856008673FA /* ArtistCell.swift */,
			);
			path = Artist;
			sourceTree = "<group>";
		};
		47174ED2289F58C8008673FA /* Album */ = {
			isa = PBXGroup;
			children = (
				47174ED5289F5D9E008673FA /* AlbumView.swift */,
				47174ED9289F73A3008673FA /* AlbumViewModel.swift */,
				47174EDD289F78DA008673FA /* AlbumCell.swift */,
			);
			path = Album;
			sourceTree = "<group>";
		};
		4734904A283FF14600DFF83D /* Sections */ = {
			isa = PBXGroup;
			children = (
				4734904B283FF16E00DFF83D /* SettingsUserProfile.swift */,
			);
			path = Sections;
			sourceTree = "<group>";
		};
		47E6EB71283D3D2F00E0EB68 /* Views */ = {
			isa = PBXGroup;
			children = (
				470583F028392E49004F08A7 /* SongLineView.swift */,
				47823A88283AC88A0080EFAC /* SongInfoView.swift */,
				472C55D8283D5C2C0019DFE1 /* ChordDiagramView.swift */,
				472E153E288A81FD00ADFB9B /* HasSavedButton.swift */,
			);
			path = Views;
			sourceTree = "<group>";
		};
		59E8FF171165A36C91758410 /* Frameworks */ = {
			isa = PBXGroup;
			children = (
				3B0CA3B69AFA1CD238B87474 /* Pods_GitaYaungSone.framework */,
			);
			name = Frameworks;
			sourceTree = "<group>";
		};
		D67CEF19CEC2BC147BDFBEB7 /* Pods */ = {
			isa = PBXGroup;
			children = (
				C613E4404AE771197A6511E7 /* Pods-GitaYaungSone.debug.xcconfig */,
				FDBBB9A7FB2D516819373228 /* Pods-GitaYaungSone.release.xcconfig */,
			);
			path = Pods;
			sourceTree = "<group>";
		};
/* End PBXGroup section */

/* Begin PBXNativeTarget section */
		470582A72838FAE9004F08A7 /* GitaYaungSone */ = {
			isa = PBXNativeTarget;
			buildConfigurationList = 470582BB2838FAEB004F08A7 /* Build configuration list for PBXNativeTarget "GitaYaungSone" */;
			buildPhases = (
				1411F2035A4D92C927CC0A47 /* [CP] Check Pods Manifest.lock */,
				470582A42838FAE9004F08A7 /* Sources */,
				470582A52838FAE9004F08A7 /* Frameworks */,
				470582A62838FAE9004F08A7 /* Resources */,
				83848B3A31BE11FA41242839 /* [CP] Embed Pods Frameworks */,
			);
			buildRules = (
			);
			dependencies = (
			);
			name = GitaYaungSone;
			packageProductDependencies = (
			);
			productName = GitaYaungSone;
			productReference = 470582A82838FAE9004F08A7 /* GitaYaungSone.app */;
			productType = "com.apple.product-type.application";
		};
/* End PBXNativeTarget section */

/* Begin PBXProject section */
		470582A02838FAE9004F08A7 /* Project object */ = {
			isa = PBXProject;
			attributes = {
				BuildIndependentTargetsInParallel = 1;
				LastSwiftUpdateCheck = 1340;
				LastUpgradeCheck = 1340;
				TargetAttributes = {
					470582A72838FAE9004F08A7 = {
						CreatedOnToolsVersion = 13.4;
					};
				};
			};
			buildConfigurationList = 470582A32838FAE9004F08A7 /* Build configuration list for PBXProject "GitaYaungSone" */;
			compatibilityVersion = "Xcode 13.0";
			developmentRegion = en;
			hasScannedForEncodings = 0;
			knownRegions = (
				en,
				Base,
			);
			mainGroup = 4705829F2838FAE9004F08A7;
			packageReferences = (
			);
			productRefGroup = 470582A92838FAE9004F08A7 /* Products */;
			projectDirPath = "";
			projectRoot = "";
			targets = (
				470582A72838FAE9004F08A7 /* GitaYaungSone */,
			);
		};
/* End PBXProject section */

/* Begin PBXResourcesBuildPhase section */
		470582A62838FAE9004F08A7 /* Resources */ = {
			isa = PBXResourcesBuildPhase;
			buildActionMask = 2147483647;
			files = (
				470582B32838FAEB004F08A7 /* Preview Assets.xcassets in Resources */,
				470582B02838FAEB004F08A7 /* Assets.xcassets in Resources */,
				47823A3A283A91A00080EFAC /* Launch Screen.storyboard in Resources */,
				4705830028392D97004F08A7 /* MyanmarAngoun.ttf in Resources */,
				470582FE28392D97004F08A7 /* MyanmarSquare.ttf in Resources */,
				470582F928392D97004F08A7 /* MasterpieceSpringRev.ttf in Resources */,
				470582FF28392D97004F08A7 /* NotoSansMono_ExtraCondensed-Bold.ttf in Resources */,
				470582FA28392D97004F08A7 /* NotoSansMono_ExtraCondensed-Regular.ttf in Resources */,
				4705830128392D97004F08A7 /* NotoSansMono_ExtraCondensed-ExtraBold.ttf in Resources */,
				470582FC28392D97004F08A7 /* MyanmarSansPro.ttf in Resources */,
				4705843028392E49004F08A7 /* guitar.json in Resources */,
				4705843128392E49004F08A7 /* ukulele.json in Resources */,
				470582FB28392D97004F08A7 /* NotoSansMono_ExtraCondensed-SemiBold.ttf in Resources */,
				470582BF2838FB78004F08A7 /* GoogleService-Info.plist in Resources */,
				470582FD28392D97004F08A7 /* NotoSansMono_ExtraCondensed-Black.ttf in Resources */,
				4705830228392D97004F08A7 /* NotoSansMono_ExtraCondensed-Medium.ttf in Resources */,
			);
			runOnlyForDeploymentPostprocessing = 0;
		};
/* End PBXResourcesBuildPhase section */

/* Begin PBXShellScriptBuildPhase section */
		1411F2035A4D92C927CC0A47 /* [CP] Check Pods Manifest.lock */ = {
			isa = PBXShellScriptBuildPhase;
			buildActionMask = 2147483647;
			files = (
			);
			inputFileListPaths = (
			);
			inputPaths = (
				"${PODS_PODFILE_DIR_PATH}/Podfile.lock",
				"${PODS_ROOT}/Manifest.lock",
			);
			name = "[CP] Check Pods Manifest.lock";
			outputFileListPaths = (
			);
			outputPaths = (
				"$(DERIVED_FILE_DIR)/Pods-GitaYaungSone-checkManifestLockResult.txt",
			);
			runOnlyForDeploymentPostprocessing = 0;
			shellPath = /bin/sh;
			shellScript = "diff \"${PODS_PODFILE_DIR_PATH}/Podfile.lock\" \"${PODS_ROOT}/Manifest.lock\" > /dev/null\nif [ $? != 0 ] ; then\n    # print error to STDERR\n    echo \"error: The sandbox is not in sync with the Podfile.lock. Run 'pod install' or update your CocoaPods installation.\" >&2\n    exit 1\nfi\n# This output is used by Xcode 'outputs' to avoid re-running this script phase.\necho \"SUCCESS\" > \"${SCRIPT_OUTPUT_FILE_0}\"\n";
			showEnvVarsInLog = 0;
		};
		83848B3A31BE11FA41242839 /* [CP] Embed Pods Frameworks */ = {
			isa = PBXShellScriptBuildPhase;
			buildActionMask = 2147483647;
			files = (
			);
			inputFileListPaths = (
				"${PODS_ROOT}/Target Support Files/Pods-GitaYaungSone/Pods-GitaYaungSone-frameworks-${CONFIGURATION}-input-files.xcfilelist",
			);
			name = "[CP] Embed Pods Frameworks";
			outputFileListPaths = (
				"${PODS_ROOT}/Target Support Files/Pods-GitaYaungSone/Pods-GitaYaungSone-frameworks-${CONFIGURATION}-output-files.xcfilelist",
			);
			runOnlyForDeploymentPostprocessing = 0;
			shellPath = /bin/sh;
			shellScript = "\"${PODS_ROOT}/Target Support Files/Pods-GitaYaungSone/Pods-GitaYaungSone-frameworks.sh\"\n";
			showEnvVarsInLog = 0;
		};
/* End PBXShellScriptBuildPhase section */

/* Begin PBXSourcesBuildPhase section */
		470582A42838FAE9004F08A7 /* Sources */ = {
			isa = PBXSourcesBuildPhase;
			buildActionMask = 2147483647;
			files = (
				4705841D28392E49004F08A7 /* SignInView.swift in Sources */,
				470B8B7228A7FF26004F3132 /* AdminArtistEditView.swift in Sources */,
				4794AE49283B8049005020C1 /* XSectionbTitleView.swift in Sources */,
				470B8B6F28A7FDB1004F3132 /* AdminPannelView.swift in Sources */,
				4705836628392DB3004F08A7 /* XColor.swift in Sources */,
				47174ED8289F5E28008673FA /* ArtistViewModel.swift in Sources */,
				4705835C28392DB3004F08A7 /* PickerNavigationView.swift in Sources */,
				4705831228392DAE004F08A7 /* Song.swift in Sources */,
				470583F228392E49004F08A7 /* SavedSongsView.swift in Sources */,
				4705834628392DB3004F08A7 /* +ParagraphStyle.swift in Sources */,
				4705840F28392E49004F08A7 /* RemoteSearchableView.swift in Sources */,
				4705835B28392DB3004F08A7 /* AutoWrap.swift in Sources */,
				4705830828392DA6004F08A7 /* Myanmar_Song_Book.xcdatamodeld in Sources */,
				47823A3C283A9BEB0080EFAC /* ThemeStyle.swift in Sources */,
				4705836328392DB3004F08A7 /* UserDefault.swift in Sources */,
				4705841A28392E49004F08A7 /* PopularSongsView.swift in Sources */,
				472E153D288A736E00ADFB9B /* PopularAlbumsView.swift in Sources */,
				4705838128392E10004F08A7 /* SongParser.swift in Sources */,
				4705843328392E49004F08A7 /* ChordsLibrarySession.swift in Sources */,
				4705834E28392DB3004F08A7 /* RegularExpression.swift in Sources */,
				4705831128392DAE004F08A7 /* XTag.swift in Sources */,
				4705841428392E49004F08A7 /* HomeSession.swift in Sources */,
				4705836228392DB3004F08A7 /* XApp.swift in Sources */,
				472E153F288A81FD00ADFB9B /* HasSavedButton.swift in Sources */,
				4705843A28392E49004F08A7 /* SongLineView.swift in Sources */,
				4705841E28392E49004F08A7 /* ExplorerCell.swift in Sources */,
				4705835528392DB3004F08A7 /* XScrollView.swift in Sources */,
				4705836428392DB3004F08A7 /* XFont.swift in Sources */,
				4705835D28392DB3004F08A7 /* FormCell.swift in Sources */,
				47174EDA289F73A3008673FA /* AlbumViewModel.swift in Sources */,
				470B8B6D28A7FD32004F3132 /* AdminArtistView.swift in Sources */,
				47823A89283AC88A0080EFAC /* SongInfoView.swift in Sources */,
				4794AE3F283B5332005020C1 /* Repo.swift in Sources */,
				4705841828392E49004F08A7 /* SingerTagsView.swift in Sources */,
				4705843728392E49004F08A7 /* ViewerView.swift in Sources */,
				4705830A28392DA6004F08A7 /* +YSong.swift in Sources */,
				4705837128392DB6004F08A7 /* SongRepo.swift in Sources */,
				4705834D28392DB3004F08A7 /* Pdf.swift in Sources */,
				47174EDC289F7856008673FA /* ArtistCell.swift in Sources */,
				470583F628392E49004F08A7 /* SongListCell.swift in Sources */,
				470583F128392E49004F08A7 /* AllSongs.swift in Sources */,
				4705831528392DAE004F08A7 /* Chord.swift in Sources */,
				47174ED6289F5D9F008673FA /* AlbumView.swift in Sources */,
				4705841C28392E49004F08A7 /* Authenticator.swift in Sources */,
				4794AE45283B7A23005020C1 /* Album.swift in Sources */,
				47823A38283A72FB0080EFAC /* Developer.swift in Sources */,
				4705836828392DB3004F08A7 /* CancelButton.swift in Sources */,
				47E6EB70283D32C800E0EB68 /* AppLogoView.swift in Sources */,
				4705836728392DB3004F08A7 /* XConstants.swift in Sources */,
				47174ED4289F58DE008673FA /* ArtistView.swift in Sources */,
				4705841F28392E49004F08A7 /* ExplorerViewModel.swift in Sources */,
				4705843428392E49004F08A7 /* FretboardView.swift in Sources */,
				4705830928392DA6004F08A7 /* Persistence.swift in Sources */,
				4794AE47283B7A7E005020C1 /* AlbumRepo.swift in Sources */,
				47823A36283A6E640080EFAC /* Artist.swift in Sources */,
				4705834928392DB3004F08A7 /* +String.swift in Sources */,
				4705836A28392DB3004F08A7 /* TapToShowComfirmationDialog.swift in Sources */,
				4705835428392DB3004F08A7 /* XSectionView.swift in Sources */,
				4705835928392DB3004F08A7 /* ComfirmButton.swift in Sources */,
				4705841028392E49004F08A7 /* SearchResultCell.swift in Sources */,
				4705837F28392E10004F08A7 /* ChordTagger.swift in Sources */,
				470582AC2838FAE9004F08A7 /* GitaYaungSoneApp.swift in Sources */,
				4705836528392DB3004F08A7 /* XIcon.swift in Sources */,
				4705835728392DB3004F08A7 /* ActivityView.swift in Sources */,
				47174EDE289F78DA008673FA /* AlbumCell.swift in Sources */,
				4705831328392DAE004F08A7 /* Genre.swift in Sources */,
				4705841128392E49004F08A7 /* RemoteSearchContentView.swift in Sources */,
				4705842028392E49004F08A7 /* ExplorerView.swift in Sources */,
				4734904C283FF16E00DFF83D /* SettingsUserProfile.swift in Sources */,
				4705841628392E49004F08A7 /* HomeSessionNavItemsView.swift in Sources */,
				4794AE43283B6EDE005020C1 /* ArtistRepo.swift in Sources */,
				4705841328392E49004F08A7 /* RemoteSearchViewModel.swift in Sources */,
				4705836928392DB3004F08A7 /* EmbeddingInNavigationView.swift in Sources */,
				4705843928392E49004F08A7 /* ViewerViewModel.swift in Sources */,
				4705836C28392DB3004F08A7 /* TapToPushStyle.swift in Sources */,
				472C55D9283D5C2C0019DFE1 /* ChordDiagramView.swift in Sources */,
				4705843228392E49004F08A7 /* Instrument.swift in Sources */,
				4705841B28392E49004F08A7 /* AuthenticationChecker.swift in Sources */,
				4705841528392E49004F08A7 /* GenreTagsView.swift in Sources */,
				4705835628392DB3004F08A7 /* ActivityItem.swift in Sources */,
				4705840E28392E49004F08A7 /* SettingsView.swift in Sources */,
				47174EE0289F8C83008673FA /* +YArtist.swift in Sources */,
				4705837628392DC8004F08A7 /* MainTabView.swift in Sources */,
				4705837728392DC8004F08A7 /* AppDelegateAdaptor.swift in Sources */,
				4705836B28392DB3004F08A7 /* TapToPresentStyle.swift in Sources */,
				4705837528392DC8004F08A7 /* AppSettings.swift in Sources */,
				4705842F28392E49004F08A7 /* LibraryChord.swift in Sources */,
				47AE9E1328A06B9E004F57C6 /* CachedAsyncImage.swift in Sources */,
				4705835A28392DB3004F08A7 /* PdfView.swift in Sources */,
			);
			runOnlyForDeploymentPostprocessing = 0;
		};
/* End PBXSourcesBuildPhase section */

/* Begin XCBuildConfiguration section */
		470582B92838FAEB004F08A7 /* Debug */ = {
			isa = XCBuildConfiguration;
			buildSettings = {
				ALWAYS_SEARCH_USER_PATHS = NO;
				CLANG_ANALYZER_NONNULL = YES;
				CLANG_ANALYZER_NUMBER_OBJECT_CONVERSION = YES_AGGRESSIVE;
				CLANG_CXX_LANGUAGE_STANDARD = "gnu++17";
				CLANG_ENABLE_MODULES = YES;
				CLANG_ENABLE_OBJC_ARC = YES;
				CLANG_ENABLE_OBJC_WEAK = YES;
				CLANG_WARN_BLOCK_CAPTURE_AUTORELEASING = YES;
				CLANG_WARN_BOOL_CONVERSION = YES;
				CLANG_WARN_COMMA = YES;
				CLANG_WARN_CONSTANT_CONVERSION = YES;
				CLANG_WARN_DEPRECATED_OBJC_IMPLEMENTATIONS = YES;
				CLANG_WARN_DIRECT_OBJC_ISA_USAGE = YES_ERROR;
				CLANG_WARN_DOCUMENTATION_COMMENTS = YES;
				CLANG_WARN_EMPTY_BODY = YES;
				CLANG_WARN_ENUM_CONVERSION = YES;
				CLANG_WARN_INFINITE_RECURSION = YES;
				CLANG_WARN_INT_CONVERSION = YES;
				CLANG_WARN_NON_LITERAL_NULL_CONVERSION = YES;
				CLANG_WARN_OBJC_IMPLICIT_RETAIN_SELF = YES;
				CLANG_WARN_OBJC_LITERAL_CONVERSION = YES;
				CLANG_WARN_OBJC_ROOT_CLASS = YES_ERROR;
				CLANG_WARN_QUOTED_INCLUDE_IN_FRAMEWORK_HEADER = YES;
				CLANG_WARN_RANGE_LOOP_ANALYSIS = YES;
				CLANG_WARN_STRICT_PROTOTYPES = YES;
				CLANG_WARN_SUSPICIOUS_MOVE = YES;
				CLANG_WARN_UNGUARDED_AVAILABILITY = YES_AGGRESSIVE;
				CLANG_WARN_UNREACHABLE_CODE = YES;
				CLANG_WARN__DUPLICATE_METHOD_MATCH = YES;
				COPY_PHASE_STRIP = NO;
				DEBUG_INFORMATION_FORMAT = dwarf;
				ENABLE_STRICT_OBJC_MSGSEND = YES;
				ENABLE_TESTABILITY = YES;
				GCC_C_LANGUAGE_STANDARD = gnu11;
				GCC_DYNAMIC_NO_PIC = NO;
				GCC_NO_COMMON_BLOCKS = YES;
				GCC_OPTIMIZATION_LEVEL = 0;
				GCC_PREPROCESSOR_DEFINITIONS = (
					"DEBUG=1",
					"$(inherited)",
				);
				GCC_WARN_64_TO_32_BIT_CONVERSION = YES;
				GCC_WARN_ABOUT_RETURN_TYPE = YES_ERROR;
				GCC_WARN_UNDECLARED_SELECTOR = YES;
				GCC_WARN_UNINITIALIZED_AUTOS = YES_AGGRESSIVE;
				GCC_WARN_UNUSED_FUNCTION = YES;
				GCC_WARN_UNUSED_VARIABLE = YES;
				IPHONEOS_DEPLOYMENT_TARGET = 15.5;
				MTL_ENABLE_DEBUG_INFO = INCLUDE_SOURCE;
				MTL_FAST_MATH = YES;
				ONLY_ACTIVE_ARCH = YES;
				SDKROOT = iphoneos;
				SWIFT_ACTIVE_COMPILATION_CONDITIONS = DEBUG;
				SWIFT_OPTIMIZATION_LEVEL = "-Onone";
			};
			name = Debug;
		};
		470582BA2838FAEB004F08A7 /* Release */ = {
			isa = XCBuildConfiguration;
			buildSettings = {
				ALWAYS_SEARCH_USER_PATHS = NO;
				CLANG_ANALYZER_NONNULL = YES;
				CLANG_ANALYZER_NUMBER_OBJECT_CONVERSION = YES_AGGRESSIVE;
				CLANG_CXX_LANGUAGE_STANDARD = "gnu++17";
				CLANG_ENABLE_MODULES = YES;
				CLANG_ENABLE_OBJC_ARC = YES;
				CLANG_ENABLE_OBJC_WEAK = YES;
				CLANG_WARN_BLOCK_CAPTURE_AUTORELEASING = YES;
				CLANG_WARN_BOOL_CONVERSION = YES;
				CLANG_WARN_COMMA = YES;
				CLANG_WARN_CONSTANT_CONVERSION = YES;
				CLANG_WARN_DEPRECATED_OBJC_IMPLEMENTATIONS = YES;
				CLANG_WARN_DIRECT_OBJC_ISA_USAGE = YES_ERROR;
				CLANG_WARN_DOCUMENTATION_COMMENTS = YES;
				CLANG_WARN_EMPTY_BODY = YES;
				CLANG_WARN_ENUM_CONVERSION = YES;
				CLANG_WARN_INFINITE_RECURSION = YES;
				CLANG_WARN_INT_CONVERSION = YES;
				CLANG_WARN_NON_LITERAL_NULL_CONVERSION = YES;
				CLANG_WARN_OBJC_IMPLICIT_RETAIN_SELF = YES;
				CLANG_WARN_OBJC_LITERAL_CONVERSION = YES;
				CLANG_WARN_OBJC_ROOT_CLASS = YES_ERROR;
				CLANG_WARN_QUOTED_INCLUDE_IN_FRAMEWORK_HEADER = YES;
				CLANG_WARN_RANGE_LOOP_ANALYSIS = YES;
				CLANG_WARN_STRICT_PROTOTYPES = YES;
				CLANG_WARN_SUSPICIOUS_MOVE = YES;
				CLANG_WARN_UNGUARDED_AVAILABILITY = YES_AGGRESSIVE;
				CLANG_WARN_UNREACHABLE_CODE = YES;
				CLANG_WARN__DUPLICATE_METHOD_MATCH = YES;
				COPY_PHASE_STRIP = NO;
				DEBUG_INFORMATION_FORMAT = "dwarf-with-dsym";
				ENABLE_NS_ASSERTIONS = NO;
				ENABLE_STRICT_OBJC_MSGSEND = YES;
				GCC_C_LANGUAGE_STANDARD = gnu11;
				GCC_NO_COMMON_BLOCKS = YES;
				GCC_WARN_64_TO_32_BIT_CONVERSION = YES;
				GCC_WARN_ABOUT_RETURN_TYPE = YES_ERROR;
				GCC_WARN_UNDECLARED_SELECTOR = YES;
				GCC_WARN_UNINITIALIZED_AUTOS = YES_AGGRESSIVE;
				GCC_WARN_UNUSED_FUNCTION = YES;
				GCC_WARN_UNUSED_VARIABLE = YES;
				IPHONEOS_DEPLOYMENT_TARGET = 15.5;
				MTL_ENABLE_DEBUG_INFO = NO;
				MTL_FAST_MATH = YES;
				SDKROOT = iphoneos;
				SWIFT_COMPILATION_MODE = wholemodule;
				SWIFT_OPTIMIZATION_LEVEL = "-O";
				VALIDATE_PRODUCT = YES;
			};
			name = Release;
		};
		470582BC2838FAEB004F08A7 /* Debug */ = {
			isa = XCBuildConfiguration;
			baseConfigurationReference = C613E4404AE771197A6511E7 /* Pods-GitaYaungSone.debug.xcconfig */;
			buildSettings = {
				ASSETCATALOG_COMPILER_APPICON_NAME = AppIcon;
				ASSETCATALOG_COMPILER_GLOBAL_ACCENT_COLOR_NAME = AccentColor;
				CODE_SIGN_STYLE = Automatic;
				CURRENT_PROJECT_VERSION = 1.0.1;
				DEVELOPMENT_ASSET_PATHS = "\"GitaYaungSone/Preview Content\"";
				DEVELOPMENT_TEAM = HJ9L53D9PB;
				ENABLE_PREVIEWS = YES;
				GENERATE_INFOPLIST_FILE = YES;
				INFOPLIST_FILE = GitaYaungSone/Info.plist;
				INFOPLIST_KEY_LSApplicationCategoryType = "";
				INFOPLIST_KEY_NSCameraUsageDescription = "TO DO";
				INFOPLIST_KEY_NSPhotoLibraryUsageDescription = "TO DO";
				INFOPLIST_KEY_UIApplicationSceneManifest_Generation = YES;
				INFOPLIST_KEY_UIApplicationSupportsIndirectInputEvents = YES;
				INFOPLIST_KEY_UILaunchScreen_Generation = YES;
				INFOPLIST_KEY_UILaunchStoryboardName = "Launch Screen";
				INFOPLIST_KEY_UIRequiresFullScreen = NO;
				INFOPLIST_KEY_UISupportedInterfaceOrientations = UIInterfaceOrientationPortrait;
				INFOPLIST_KEY_UISupportedInterfaceOrientations_iPad = "UIInterfaceOrientationPortrait UIInterfaceOrientationPortraitUpsideDown UIInterfaceOrientationLandscapeLeft UIInterfaceOrientationLandscapeRight";
				INFOPLIST_KEY_UISupportedInterfaceOrientations_iPhone = "UIInterfaceOrientationPortrait UIInterfaceOrientationLandscapeLeft UIInterfaceOrientationLandscapeRight";
				IPHONEOS_DEPLOYMENT_TARGET = 15.0;
				LD_RUNPATH_SEARCH_PATHS = (
					"$(inherited)",
					"@executable_path/Frameworks",
				);
				MARKETING_VERSION = 1.0;
				PRODUCT_BUNDLE_IDENTIFIER = com.jonahaung.GitaYaungSone;
				PRODUCT_NAME = "$(TARGET_NAME)";
				SWIFT_EMIT_LOC_STRINGS = YES;
				SWIFT_VERSION = 5.0;
				TARGETED_DEVICE_FAMILY = "1,2";
			};
			name = Debug;
		};
		470582BD2838FAEB004F08A7 /* Release */ = {
			isa = XCBuildConfiguration;
			baseConfigurationReference = FDBBB9A7FB2D516819373228 /* Pods-GitaYaungSone.release.xcconfig */;
			buildSettings = {
				ASSETCATALOG_COMPILER_APPICON_NAME = AppIcon;
				ASSETCATALOG_COMPILER_GLOBAL_ACCENT_COLOR_NAME = AccentColor;
				CODE_SIGN_STYLE = Automatic;
				CURRENT_PROJECT_VERSION = 1.0.1;
				DEVELOPMENT_ASSET_PATHS = "\"GitaYaungSone/Preview Content\"";
				DEVELOPMENT_TEAM = HJ9L53D9PB;
				ENABLE_PREVIEWS = YES;
				GENERATE_INFOPLIST_FILE = YES;
				INFOPLIST_FILE = GitaYaungSone/Info.plist;
				INFOPLIST_KEY_LSApplicationCategoryType = "";
				INFOPLIST_KEY_NSCameraUsageDescription = "TO DO";
				INFOPLIST_KEY_NSPhotoLibraryUsageDescription = "TO DO";
				INFOPLIST_KEY_UIApplicationSceneManifest_Generation = YES;
				INFOPLIST_KEY_UIApplicationSupportsIndirectInputEvents = YES;
				INFOPLIST_KEY_UILaunchScreen_Generation = YES;
				INFOPLIST_KEY_UILaunchStoryboardName = "Launch Screen";
				INFOPLIST_KEY_UIRequiresFullScreen = NO;
				INFOPLIST_KEY_UISupportedInterfaceOrientations = UIInterfaceOrientationPortrait;
				INFOPLIST_KEY_UISupportedInterfaceOrientations_iPad = "UIInterfaceOrientationPortrait UIInterfaceOrientationPortraitUpsideDown UIInterfaceOrientationLandscapeLeft UIInterfaceOrientationLandscapeRight";
				INFOPLIST_KEY_UISupportedInterfaceOrientations_iPhone = "UIInterfaceOrientationPortrait UIInterfaceOrientationLandscapeLeft UIInterfaceOrientationLandscapeRight";
				IPHONEOS_DEPLOYMENT_TARGET = 15.0;
				LD_RUNPATH_SEARCH_PATHS = (
					"$(inherited)",
					"@executable_path/Frameworks",
				);
				MARKETING_VERSION = 1.0;
				PRODUCT_BUNDLE_IDENTIFIER = com.jonahaung.GitaYaungSone;
				PRODUCT_NAME = "$(TARGET_NAME)";
				SWIFT_EMIT_LOC_STRINGS = YES;
				SWIFT_VERSION = 5.0;
				TARGETED_DEVICE_FAMILY = "1,2";
			};
			name = Release;
		};
/* End XCBuildConfiguration section */

/* Begin XCConfigurationList section */
		470582A32838FAE9004F08A7 /* Build configuration list for PBXProject "GitaYaungSone" */ = {
			isa = XCConfigurationList;
			buildConfigurations = (
				470582B92838FAEB004F08A7 /* Debug */,
				470582BA2838FAEB004F08A7 /* Release */,
			);
			defaultConfigurationIsVisible = 0;
			defaultConfigurationName = Release;
		};
		470582BB2838FAEB004F08A7 /* Build configuration list for PBXNativeTarget "GitaYaungSone" */ = {
			isa = XCConfigurationList;
			buildConfigurations = (
				470582BC2838FAEB004F08A7 /* Debug */,
				470582BD2838FAEB004F08A7 /* Release */,
			);
			defaultConfigurationIsVisible = 0;
			defaultConfigurationName = Release;
		};
/* End XCConfigurationList section */

/* Begin XCVersionGroup section */
		4705830428392DA6004F08A7 /* Myanmar_Song_Book.xcdatamodeld */ = {
			isa = XCVersionGroup;
			children = (
				4705830528392DA6004F08A7 /* Myanmar_Song_Book.xcdatamodel */,
			);
			currentVersion = 4705830528392DA6004F08A7 /* Myanmar_Song_Book.xcdatamodel */;
			path = Myanmar_Song_Book.xcdatamodeld;
			sourceTree = "<group>";
			versionGroupType = wrapper.xcdatamodel;
		};
/* End XCVersionGroup section */
	};
	rootObject = 470582A02838FAE9004F08A7 /* Project object */;
}
